
Microsoft Visual Studio Solution File, Format Version 12.00
# Visual Studio Version 16
VisualStudioVersion = 16.0.29306.81
MinimumVisualStudioVersion = 10.0.40219.1
Project("{8BC9CEB8-8B4A-11D0-8D11-00A0C91BC942}") = "4.3.2021", "4.3.2021\4.3.2021.vcxproj", "{E34A69DD-5D1F-41B7-8C55-0E511A99545E}"
EndProject
Global
	GlobalSection(SolutionConfigurationPlatforms) = preSolution
		Debug|x64 = Debug|x64
		Debug|x86 = Debug|x86
		Release|x64 = Release|x64
		Release|x86 = Release|x86
	EndGlobalSection
	GlobalSection(ProjectConfigurationPlatforms) = postSolution
		{E34A69DD-5D1F-41B7-8C55-0E511A99545E}.Debug|x64.ActiveCfg = Debug|x64
		{E34A69DD-5D1F-41B7-8C55-0E511A99545E}.Debug|x64.Build.0 = Debug|x64
		{E34A69DD-5D1F-41B7-8C55-0E511A99545E}.Debug|x86.ActiveCfg = Debug|Win32
		{E34A69DD-5D1F-41B7-8C55-0E511A99545E}.Debug|x86.Build.0 = Debug|Win32
		{E34A69DD-5D1F-41B7-8C55-0E511A99545E}.Release|x64.ActiveCfg = Release|x64
		{E34A69DD-5D1F-41B7-8C55-0E511A99545E}.Release|x64.Build.0 = Release|x64
		{E34A69DD-5D1F-41B7-8C55-0E511A99545E}.Release|x86.ActiveCfg = Release|Win32
		{E34A69DD-5D1F-41B7-8C55-0E511A99545E}.Release|x86.Build.0 = Release|Win32
	EndGlobalSection
	GlobalSection(SolutionProperties) = preSolution
		HideSolutionNode = FALSE
	EndGlobalSection
	GlobalSection(ExtensibilityGlobals) = postSolution
		SolutionGuid = {A40242C9-D12C-44A6-B261-DFE5CDC4B733}
	EndGlobalSection
EndGlobal
